version = 1
revision = 3
requires-python = "==3.12.*"

[options]
prerelease-mode = "allow"

[[package]]
name = "awkward"
version = "2.9.1"
source = { registry = "https://pypi.org/simple" }
dependencies = [
    { name = "awkward-cpp" },
    { name = "fsspec" },
    { name = "numpy" },
    { name = "packaging" },
]
sdist = { url = "https://files.pythonhosted.org/packages/cb/fb/a4a6cd419e4bbf64a1f9aa7b883f441c50e0d9bbbbe3eae62634d6d42f7b/awkward-2.9.1.tar.gz", hash = "sha256:0b91fc778e11fae9b1c2011796b08027caaf02b850d4e7ea0972d356b5b7abf7", size = 6303886, upload-time = "2026-06-08T13:10:13.732Z" }
wheels = [
    { url = "https://files.pythonhosted.org/packages/1b/60/ff126095a42de830b585982371a2689db27353ee6ef5ed7e96124e8cb632/awkward-2.9.1-py3-none-any.whl", hash = "sha256:a9bbf1f8f47599e3b9878f7f8d46ec57655e8ef032ac20bc6c1023571d4ac2b2", size = 924151, upload-time = "2026-06-08T13:10:11.151Z" },
]

[[package]]
name = "awkward-cpp"
version = "53"
source = { registry = "https://pypi.org/simple" }
dependencies = [
    { name = "numpy" },
]
sdist = { url = "https://files.pythonhosted.org/packages/ad/4e/394a627ba7a36603475e5268247970930a4f98844d8997e3a75005903457/awkward_cpp-53.tar.gz", hash = "sha256:a478d2b7de3754674294617e12bd6db10fce691e98f5df248d665da093cd4ffa", size = 1495744, upload-time = "2026-06-08T12:31:58.079Z" }
wheels = [
    { url = "https://files.pythonhosted.org/packages/00/6a/3d735c6c462b64cd17ee4dfd9d6fc50e88787e65a0db143fe501c7ca9389/awkward_cpp-53-cp312-cp312-macosx_10_13_x86_64.whl", hash = "sha256:79b11489c738cdb66d9c6911b166639186f6795b75a0dbca361d8e1577df04f0", size = 604372, upload-time = "2026-06-08T12:30:57.39Z" },
    { url = "https://files.pythonhosted.org/packages/06/d6/aaeca4bb3297e0c33b8306407e8c9c052b812a5c51766394dd51a720ec01/awkward_cpp-53-cp312-cp312-macosx_11_0_arm64.whl", hash = "sha256:df1d056f08294b51b7c86481da6de2c16c4c03f20cca2bd254d6e81520be4b65", size = 541394, upload-time = "2026-06-08T12:30:58.968Z" },
    { url = "https://files.pythonhosted.org/packages/75/0c/4f03fd69e2a018bd2f6e36f341e24a1ae74aead9c68e322cd6cfd7b8d83c/awkward_cpp-53-cp312-cp312-manylinux_2_26_aarch64.manylinux_2_28_aarch64.whl", hash = "sha256:9dc96e5ed35b34985cffc4fd3a154362ff8f1d83168ccfbf76d5bfebb974cd7d", size = 585062, upload-time = "2026-06-08T12:31:00.455Z" },
    { url = "https://files.pythonhosted.org/packages/9a/5d/94db6f9113400b5853448915aca9de1e03f32ede6b3b4afcff64bbd43b49/awkward_cpp-53-cp312-cp312-manylinux_2_27_x86_64.manylinux_2_28_x86_64.whl", hash = "sha256:032de84f207687a43e9d8c7d80f79d6927d1018e3fd2166c4275dfe3c951e44e", size = 657827, upload-time = "2026-06-08T12:31:01.965Z" },
    { url = "https://files.pythonhosted.org/packages/f1/ac/751ebb4c1b46f980692025a23648da598d7f2f86f385c40332d16d7446bd/awkward_cpp-53-cp312-cp312-musllinux_1_2_aarch64.whl", hash = "sha256:1e5e1f234a6a538fcb1281b4fb48caebef104229e2c8ae087dc20807c1b8dc3d", size = 1583826, upload-time = "2026-06-08T12:31:03.502Z" },
    { url = "https://files.pythonhosted.org/packages/2b/4c/8a53d4f102c73ba351d8c60081bf7abe845db7eefbbb83b123ba599c11cf/awkward_cpp-53-cp312-cp312-musllinux_1_2_x86_64.whl", hash = "sha256:7846d990d8fb3fb1cc1dc6e162a7d044469c6987f765db855e1cffc9ba9c3153", size = 1699092, upload-time = "2026-06-08T12:31:04.985Z" },
    { url = "https://files.pythonhosted.org/packages/a6/e6/e0961a0c4c49af1e066ac6bb335d5799ba57cbdfa35bed02cdcec799f8d8/awkward_cpp-53-cp312-cp312-win32.whl", hash = "sha256:93b59df3bedc5a4ec5b772b2ba05a40686c6fd0298669204c48c853886a8dc53", size = 528571, upload-time = "2026-06-08T12:31:06.579Z" },
    { url = "https://files.pythonhosted.org/packages/f3/a7/fb2050dbb5c15fbdb60c276ccbb255b1824c0938d37da7b564493f3f8c2b/awkward_cpp-53-cp312-cp312-win_amd64.whl", hash = "sha256:52b0c7b24253924d6aad1a8d8fe13ce54616d0ae7d39a148b21df0677d6d7c1f", size = 561976, upload-time = "2026-06-08T12:31:08.359Z" },
    { url = "https://files.pythonhosted.org/packages/78/eb/3c387199090849f52ddf6144ca6a25326d280333fe7a0069e173e353c083/awkward_cpp-53-cp312-cp312-win_arm64.whl", hash = "sha256:dceccb4fc63c5963f53ab4e6950a9c37479a2f556d053c92b64570db1f9fdfa2", size = 529387, upload-time = "2026-06-08T12:31:10.1Z" },
]

[[package]]
name = "contourpy"
version = "1.3.3"
source = { registry = "https://pypi.org/simple" }
dependencies = [
    { name = "numpy" },
]
sdist = { url = "https://files.pythonhosted.org/packages/58/01/1253e6698a07380cd31a736d248a3f2a50a7c88779a1813da27503cadc2a/contourpy-1.3.3.tar.gz", hash = "sha256:083e12155b210502d0bca491432bb04d56dc3432f95a979b429f2848c3dbe880", size = 13466174, upload-time = "2025-07-26T12:03:12.549Z" }
wheels = [
    { url = "https://files.pythonhosted.org/packages/be/45/adfee365d9ea3d853550b2e735f9d66366701c65db7855cd07621732ccfc/contourpy-1.3.3-cp312-cp312-macosx_10_13_x86_64.whl", hash = "sha256:b08a32ea2f8e42cf1d4be3169a98dd4be32bafe4f22b6c4cb4ba810fa9e5d2cb", size = 293419, upload-time = "2025-07-26T12:01:21.16Z" },
    { url = "https://files.pythonhosted.org/packages/53/3e/405b59cfa13021a56bba395a6b3aca8cec012b45bf177b0eaf7a202cde2c/contourpy-1.3.3-cp312-cp312-macosx_11_0_arm64.whl", hash = "sha256:556dba8fb6f5d8742f2923fe9457dbdd51e1049c4a43fd3986a0b14a1d815fc6", size = 273979, upload-time = "2025-07-26T12:01:22.448Z" },
    { url = "https://files.pythonhosted.org/packages/d4/1c/a12359b9b2ca3a845e8f7f9ac08bdf776114eb931392fcad91743e2ea17b/contourpy-1.3.3-cp312-cp312-manylinux_2_26_aarch64.manylinux_2_28_aarch64.whl", hash = "sha256:92d9abc807cf7d0e047b95ca5d957cf4792fcd04e920ca70d48add15c1a90ea7", size = 332653, upload-time = "2025-07-26T12:01:24.155Z" },
    { url = "https://files.pythonhosted.org/packages/63/12/897aeebfb475b7748ea67b61e045accdfcf0d971f8a588b67108ed7f5512/contourpy-1.3.3-cp312-cp312-manylinux_2_26_ppc64le.manylinux_2_28_ppc64le.whl", hash = "sha256:b2e8faa0ed68cb29af51edd8e24798bb661eac3bd9f65420c1887b6ca89987c8", size = 379536, upload-time = "2025-07-26T12:01:25.91Z" },
    { url = "https://files.pythonhosted.org/packages/43/8a/a8c584b82deb248930ce069e71576fc09bd7174bbd35183b7943fb1064fd/contourpy-1.3.3-cp312-cp312-manylinux_2_26_s390x.manylinux_2_28_s390x.whl", hash = "sha256:626d60935cf668e70a5ce6ff184fd713e9683fb458898e4249b63be9e28286ea", size = 384397, upload-time = "2025-07-26T12:01:27.152Z" },
    { url = "https://files.pythonhosted.org/packages/cc/8f/ec6289987824b29529d0dfda0d74a07cec60e54b9c92f3c9da4c0ac732de/contourpy-1.3.3-cp312-cp312-manylinux_2_27_x86_64.manylinux_2_28_x86_64.whl", hash = "sha256:4d00e655fcef08aba35ec9610536bfe90267d7ab5ba944f7032549c55a146da1", size = 362601, upload-time = "2025-07-26T12:01:28.808Z" },
    { url = "https://files.pythonhosted.org/packages/05/0a/a3fe3be3ee2dceb3e615ebb4df97ae6f3828aa915d3e10549ce016302bd1/contourpy-1.3.3-cp312-cp312-musllinux_1_2_aarch64.whl", hash = "sha256:451e71b5a7d597379ef572de31eeb909a87246974d960049a9848c3bc6c41bf7", size = 1331288, upload-time = "2025-07-26T12:01:31.198Z" },
    { url = "https://files.pythonhosted.org/packages/33/1d/acad9bd4e97f13f3e2b18a3977fe1b4a37ecf3d38d815333980c6c72e963/contourpy-1.3.3-cp312-cp312-musllinux_1_2_x86_64.whl", hash = "sha256:459c1f020cd59fcfe6650180678a9993932d80d44ccde1fa1868977438f0b411", size = 1403386, upload-time = "2025-07-26T12:01:33.947Z" },
    { url = "https://files.pythonhosted.org/packages/cf/8f/5847f44a7fddf859704217a99a23a4f6417b10e5ab1256a179264561540e/contourpy-1.3.3-cp312-cp312-win32.whl", hash = "sha256:023b44101dfe49d7d53932be418477dba359649246075c996866106da069af69", size = 185018, upload-time = "2025-07-26T12:01:35.64Z" },
    { url = "https://files.pythonhosted.org/packages/19/e8/6026ed58a64563186a9ee3f29f41261fd1828f527dd93d33b60feca63352/contourpy-1.3.3-cp312-cp312-win_amd64.whl", hash = "sha256:8153b8bfc11e1e4d75bcb0bff1db232f9e10b274e0929de9d608027e0d34ff8b", size = 226567, upload-time = "2025-07-26T12:01:36.804Z" },
    { url = "https://files.pythonhosted.org/packages/d1/e2/f05240d2c39a1ed228d8328a78b6f44cd695f7ef47beb3e684cf93604f86/contourpy-1.3.3-cp312-cp312-win_arm64.whl", hash = "sha256:07ce5ed73ecdc4a03ffe3e1b3e3c1166db35ae7584be76f65dbbe28a7791b0cc", size = 193655, upload-time = "2025-07-26T12:01:37.999Z" },
]

[[package]]
name = "cramjam"
version = "2.11.0"
source = { registry = "https://pypi.org/simple" }
sdist = { url = "https://files.pythonhosted.org/packages/14/12/34bf6e840a79130dfd0da7badfb6f7810b8fcfd60e75b0539372667b41b6/cramjam-2.11.0.tar.gz", hash = "sha256:5c82500ed91605c2d9781380b378397012e25127e89d64f460fea6aeac4389b4", size = 99100, upload-time = "2025-07-27T21:25:07.559Z" }
wheels = [
    { url = "https://files.pythonhosted.org/packages/0b/0d/7c84c913a5fae85b773a9dcf8874390f9d68ba0fcc6630efa7ff1541b950/cramjam-2.11.0-cp312-cp312-macosx_10_12_x86_64.macosx_11_0_arm64.macosx_10_12_universal2.whl", hash = "sha256:dba5c14b8b4f73ea1e65720f5a3fe4280c1d27761238378be8274135c60bbc6e", size = 3553368, upload-time = "2025-07-27T21:22:27.162Z" },
    { url = "https://files.pythonhosted.org/packages/2b/cc/4f6d185d8a744776f53035e72831ff8eefc2354f46ab836f4bd3c4f6c138/cramjam-2.11.0-cp312-cp312-macosx_10_12_x86_64.whl", hash = "sha256:11eb40722b3fcf3e6890fba46c711bf60f8dc26360a24876c85e52d76c33b25b", size = 1860014, upload-time = "2025-07-27T21:22:28.738Z" },
    { url = "https://files.pythonhosted.org/packages/1c/a8/626c76263085c6d5ded0e71823b411e9522bfc93ba6cc59855a5869296e7/cramjam-2.11.0-cp312-cp312-macosx_11_0_arm64.whl", hash = "sha256:aeb26e2898994b6e8319f19a4d37c481512acdcc6d30e1b5ecc9d8ec57e835cb", size = 1693512, upload-time = "2025-07-27T21:22:30.999Z" },
    { url = "https://files.pythonhosted.org/packages/e9/52/0851a16a62447532e30ba95a80e638926fdea869a34b4b5b9d0a020083ba/cramjam-2.11.0-cp312-cp312-manylinux_2_12_i686.manylinux2010_i686.whl", hash = "sha256:4f8d82081ed7d8fe52c982bd1f06e4c7631a73fe1fb6d4b3b3f2404f87dc40fe", size = 2025285, upload-time = "2025-07-27T21:22:32.954Z" },
    { url = "https://files.pythonhosted.org/packages/98/76/122e444f59dbc216451d8e3d8282c9665dc79eaf822f5f1470066be1b695/cramjam-2.11.0-cp312-cp312-manylinux_2_17_aarch64.manylinux2014_aarch64.whl", hash = "sha256:092a3ec26e0a679305018380e4f652eae1b6dfe3fc3b154ee76aa6b92221a17c", size = 1761327, upload-time = "2025-07-27T21:22:34.484Z" },
    { url = "https://files.pythonhosted.org/packages/a3/bc/3a0189aef1af2b29632c039c19a7a1b752bc21a4053582a5464183a0ad3d/cramjam-2.11.0-cp312-cp312-manylinux_2_17_armv7l.manylinux2014_armv7l.whl", hash = "sha256:529d6d667c65fd105d10bd83d1cd3f9869f8fd6c66efac9415c1812281196a92", size = 1854075, upload-time = "2025-07-27T21:22:36.157Z" },
    { url = "https://files.pythonhosted.org/packages/2e/80/8a6343b13778ce52d94bb8d5365a30c3aa951276b1857201fe79d7e2ad25/cramjam-2.11.0-cp312-cp312-manylinux_2_17_ppc64le.manylinux2014_ppc64le.whl", hash = "sha256:555eb9c90c450e0f76e27d9ff064e64a8b8c6478ab1a5594c91b7bc5c82fd9f0", size = 2032710, upload-time = "2025-07-27T21:22:38.17Z" },
    { url = "https://files.pythonhosted.org/packages/df/6b/cd1778a207c29eda10791e3dfa018b588001928086e179fc71254793c625/cramjam-2.11.0-cp312-cp312-manylinux_2_17_s390x.manylinux2014_s390x.whl", hash = "sha256:5edf4c9e32493035b514cf2ba0c969d81ccb31de63bd05490cc8bfe3b431674e", size = 2068353, upload-time = "2025-07-27T21:22:39.615Z" },
    { url = "https://files.pythonhosted.org/packages/dc/f0/5c2a5cd5711032f3b191ca50cb786c17689b4a9255f9f768866e6c9f04d9/cramjam-2.11.0-cp312-cp312-manylinux_2_17_x86_64.manylinux2014_x86_64.whl", hash = "sha256:2fa2fe41f48c4d58d923803383b0737f048918b5a0d10390de9628bb6272b107", size = 1978104, upload-time = "2025-07-27T21:22:41.106Z" },
    { url = "https://files.pythonhosted.org/packages/f9/8b/b363a5fb2c3347504fe9a64f8d0f1e276844f0e532aa7162c061cd1ffee4/cramjam-2.11.0-cp312-cp312-musllinux_1_1_aarch64.whl", hash = "sha256:9ca14cf1cabdb0b77d606db1bb9e9ca593b1dbd421fcaf251ec9a5431ec449f3", size = 2030779, upload-time = "2025-07-27T21:22:42.969Z" },
    { url = "https://files.pythonhosted.org/packages/78/7b/d83dad46adb6c988a74361f81ad9c5c22642be53ad88616a19baedd06243/cramjam-2.11.0-cp312-cp312-musllinux_1_1_armv7l.whl", hash = "sha256:309e95bf898829476bccf4fd2c358ec00e7ff73a12f95a3cdeeba4bb1d3683d5", size = 2155297, upload-time = "2025-07-27T21:22:44.6Z" },
    { url = "https://files.pythonhosted.org/packages/1a/be/60d9be4cb33d8740a4aa94c7513f2ef3c4eba4fd13536f086facbafade71/cramjam-2.11.0-cp312-cp312-musllinux_1_1_i686.whl", hash = "sha256:86dca35d2f15ef22922411496c220f3c9e315d5512f316fe417461971cc1648d", size = 2169255, upload-time = "2025-07-27T21:22:46.534Z" },
    { url = "https://files.pythonhosted.org/packages/11/b0/4a595f01a243aec8ad272b160b161c44351190c35d98d7787919d962e9e5/cramjam-2.11.0-cp312-cp312-musllinux_1_1_x86_64.whl", hash = "sha256:193c6488bd2f514cbc0bef5c18fad61a5f9c8d059dd56edf773b3b37f0e85496", size = 2155651, upload-time = "2025-07-27T21:22:48.46Z" },
    { url = "https://files.pythonhosted.org/packages/38/47/7776659aaa677046b77f527106e53ddd47373416d8fcdb1e1a881ec5dc06/cramjam-2.11.0-cp312-cp312-win32.whl", hash = "sha256:514e2c008a8b4fa823122ca3ecab896eac41d9aa0f5fc881bd6264486c204e32", size = 1603568, upload-time = "2025-07-27T21:22:50.084Z" },
    { url = "https://files.pythonhosted.org/packages/75/b1/d53002729cfd94c5844ddfaf1233c86d29f2dbfc1b764a6562c41c044199/cramjam-2.11.0-cp312-cp312-win_amd64.whl", hash = "sha256:53fed080476d5f6ad7505883ec5d1ec28ba36c2273db3b3e92d7224fe5e463db", size = 1709287, upload-time = "2025-07-27T21:22:51.534Z" },
]

[[package]]
name = "cycler"
version = "0.12.1"
source = { registry = "https://pypi.org/simple" }
sdist = { url = "https://files.pythonhosted.org/packages/a9/95/a3dbbb5028f35eafb79008e7522a75244477d2838f38cbb722248dabc2a8/cycler-0.12.1.tar.gz", hash = "sha256:88bb128f02ba341da8ef447245a9e138fae777f6a23943da4540077d3601eb1c", size = 7615, upload-time = "2023-10-07T05:32:18.335Z" }
wheels = [
    { url = "https://files.pythonhosted.org/packages/e7/05/c19819d5e3d95294a6f5947fb9b9629efb316b96de511b418c53d245aae6/cycler-0.12.1-py3-none-any.whl", hash = "sha256:85cef7cff222d8644161529808465972e51340599459b8ac3ccbac5a854e0d30", size = 8321, upload-time = "2023-10-07T05:32:16.783Z" },
]

[[package]]
name = "deeplearning"
version = "0.1.0"
source = { virtual = "." }
dependencies = [
    { name = "matplotlib" },
    { name = "numba" },
    { name = "uproot" },
]

[package.metadata]
requires-dist = [
    { name = "matplotlib" },
    { name = "numba" },
    { name = "uproot" },
]

[[package]]
name = "fonttools"
version = "4.63.0"
source = { registry = "https://pypi.org/simple" }
sdist = { url = "https://files.pythonhosted.org/packages/84/69/c97f2c18e0db87d2c7b15da1974dace76ae938f1cfa22e2727a648b7ed43/fonttools-4.63.0.tar.gz", hash = "sha256:caeb583deeb5168e694b65cda8b4ee62abedfa66cf88488734466f2366b9c4e0", size = 3597189, upload-time = "2026-05-14T12:04:30.958Z" }
wheels = [
    { url = "https://files.pythonhosted.org/packages/08/ef/b3c6b9b5be2f82416d73fe2ed2e96e2793cd80e7510bd6a17ca79cdd88ec/fonttools-4.63.0-cp312-cp312-macosx_10_13_universal2.whl", hash = "sha256:37dd23e621e3b0aef1baa70a303b80aaf38449632cfc8fd2a55fb285bbccfc02", size = 2881131, upload-time = "2026-05-14T12:03:13.386Z" },
    { url = "https://files.pythonhosted.org/packages/44/a0/c815bea63117fa63e4e1c01f8a1110d2112fa003f838e6467094ec2432ce/fonttools-4.63.0-cp312-cp312-macosx_10_13_x86_64.whl", hash = "sha256:a9faff9e0c1f76f9fd55899d2ce785832efebab37eb8ae13995853aef178bef0", size = 2426704, upload-time = "2026-05-14T12:03:15.801Z" },
    { url = "https://files.pythonhosted.org/packages/44/04/0b91d8e916e92ad1fac9e4624760baf0fd5ff2ead614c2f68fb21373f03f/fonttools-4.63.0-cp312-cp312-manylinux2014_aarch64.manylinux_2_17_aarch64.manylinux_2_28_aarch64.whl", hash = "sha256:ef3048ef05dbb552b89817713d9cac912e00d0fde4a3105c00d29e52e10c89af", size = 5044298, upload-time = "2026-05-14T12:03:18.085Z" },
    { url = "https://files.pythonhosted.org/packages/77/c7/2342da9830e3e9d4870305ca5d2091d2a83284f2953079b7bdd3b5e029d8/fonttools-4.63.0-cp312-cp312-manylinux2014_x86_64.manylinux_2_17_x86_64.whl", hash = "sha256:58dc6bb86a78d782f00f9190ca02c119cf5bbe2807536e361e18d42019f877d8", size = 4999800, upload-time = "2026-05-14T12:03:20.161Z" },
    { url = "https://files.pythonhosted.org/packages/e6/6d/67fe16c48d7ce050979b33f47e0d28a318f02da030602e944c34f7a16ef3/fonttools-4.63.0-cp312-cp312-musllinux_1_2_aarch64.whl", hash = "sha256:ee08ebfa58f6e1aeff5697ab9582105bb620008c1caafb681e4c557e7483027b", size = 4982666, upload-time = "2026-05-14T12:03:22.87Z" },
    { url = "https://files.pythonhosted.org/packages/f2/00/3bbab338c07c71fa56269953845e92c951a61457bbbb0f1022551ea266d9/fonttools-4.63.0-cp312-cp312-musllinux_1_2_x86_64.whl", hash = "sha256:27fdc65af8da6f88b9c6121c47a464cbe359fcfff7ff6fc2d37a1f395d755b78", size = 5133598, upload-time = "2026-05-14T12:03:25.168Z" },
    { url = "https://files.pythonhosted.org/packages/62/f2/aa27c7f98db5b064883dadcc5283947e81e034de42e22a33675878d98b54/fonttools-4.63.0-cp312-cp312-win32.whl", hash = "sha256:af2fd1664d00a397d75f806985ddb36282091c2131a73a6485c23b4a34722263", size = 2292575, upload-time = "2026-05-14T12:03:27.496Z" },
    { url = "https://files.pythonhosted.org/packages/87/36/cccb9bc2a6ab63d1b2980374f0dca72ce95ae267c9b4cfe77455bb70d0d4/fonttools-4.63.0-cp312-cp312-win_amd64.whl", hash = "sha256:59ac449f8cca9b4ffa08d2e7bbadad87ce710d69d1eda5c3c1ce579baa987272", size = 2343211, upload-time = "2026-05-14T12:03:30.057Z" },
    { url = "https://files.pythonhosted.org/packages/2c/47/c99d5268f354002ce80f8d029cd9d7d872969da1de8b93d32de4dc56d6f4/fonttools-4.63.0-py3-none-any.whl", hash = "sha256:445af2eab030a16b9171ea8bdda7ebf7d96bda2df88ee182a464252f6e05e20d", size = 1164562, upload-time = "2026-05-14T12:04:29.092Z" },
]

[[package]]
name = "fsspec"
version = "2026.4.0"
source = { registry = "https://pypi.org/simple" }
sdist = { url = "https://files.pythonhosted.org/packages/d5/8d/1c51c094345df128ca4a990d633fe1a0ff28726c9e6b3c41ba65087bba1d/fsspec-2026.4.0.tar.gz", hash = "sha256:301d8ac70ae90ef3ad05dcf94d6c3754a097f9b5fe4667d2787aa359ec7df7e4", size = 312760, upload-time = "2026-04-29T20:42:38.635Z" }
wheels = [
    { url = "https://files.pythonhosted.org/packages/d5/0c/043d5e551459da400957a1395e0febbf771446ff34291afcbe3d8be2a279/fsspec-2026.4.0-py3-none-any.whl", hash = "sha256:11ef7bb35dab8a394fde6e608221d5cf3e8499401c249bebaeaad760a1a8dec2", size = 203402, upload-time = "2026-04-29T20:42:36.842Z" },
]

[[package]]
name = "kiwisolver"
version = "1.5.0"
source = { registry = "https://pypi.org/simple" }
sdist = { url = "https://files.pythonhosted.org/packages/d0/67/9c61eccb13f0bdca9307614e782fec49ffdde0f7a2314935d489fa93cd9c/kiwisolver-1.5.0.tar.gz", hash = "sha256:d4193f3d9dc3f6f79aaed0e5637f45d98850ebf01f7ca20e69457f3e8946b66a", size = 103482, upload-time = "2026-03-09T13:15:53.382Z" }
wheels = [
    { url = "https://files.pythonhosted.org/packages/4d/b2/818b74ebea34dabe6d0c51cb1c572e046730e64844da6ed646d5298c40ce/kiwisolver-1.5.0-cp312-cp312-macosx_10_13_universal2.whl", hash = "sha256:4e9750bc21b886308024f8a54ccb9a2cc38ac9fa813bf4348434e3d54f337ff9", size = 123158, upload-time = "2026-03-09T13:13:23.127Z" },
    { url = "https://files.pythonhosted.org/packages/bf/d9/405320f8077e8e1c5c4bd6adc45e1e6edf6d727b6da7f2e2533cf58bff71/kiwisolver-1.5.0-cp312-cp312-macosx_10_13_x86_64.whl", hash = "sha256:72ec46b7eba5b395e0a7b63025490d3214c11013f4aacb4f5e8d6c3041829588", size = 66388, upload-time = "2026-03-09T13:13:24.765Z" },
    { url = "https://files.pythonhosted.org/packages/99/9f/795fedf35634f746151ca8839d05681ceb6287fbed6cc1c9bf235f7887c2/kiwisolver-1.5.0-cp312-cp312-macosx_11_0_arm64.whl", hash = "sha256:ed3a984b31da7481b103f68776f7128a89ef26ed40f4dc41a2223cda7fb24819", size = 64068, upload-time = "2026-03-09T13:13:25.878Z" },
    { url = "https://files.pythonhosted.org/packages/c4/13/680c54afe3e65767bed7ec1a15571e1a2f1257128733851ade24abcefbcc/kiwisolver-1.5.0-cp312-cp312-manylinux2014_x86_64.manylinux_2_17_x86_64.whl", hash = "sha256:bb5136fb5352d3f422df33f0c879a1b0c204004324150cc3b5e3c4f310c9049f", size = 1477934, upload-time = "2026-03-09T13:13:27.166Z" },
    { url = "https://files.pythonhosted.org/packages/c8/2f/cebfcdb60fd6a9b0f6b47a9337198bcbad6fbe15e68189b7011fd914911f/kiwisolver-1.5.0-cp312-cp312-manylinux_2_24_aarch64.manylinux_2_28_aarch64.whl", hash = "sha256:b2af221f268f5af85e776a73d62b0845fc8baf8ef0abfae79d29c77d0e776aaf", size = 1278537, upload-time = "2026-03-09T13:13:28.707Z" },
    { url = "https://files.pythonhosted.org/packages/f2/0d/9b782923aada3fafb1d6b84e13121954515c669b18af0c26e7d21f579855/kiwisolver-1.5.0-cp312-cp312-manylinux_2_24_ppc64le.manylinux_2_28_ppc64le.whl", hash = "sha256:b0f172dc8ffaccb8522d7c5d899de00133f2f1ca7b0a49b7da98e901de87bf2d", size = 1296685, upload-time = "2026-03-09T13:13:30.528Z" },
    { url = "https://files.pythonhosted.org/packages/27/70/83241b6634b04fe44e892688d5208332bde130f38e610c0418f9ede47ded/kiwisolver-1.5.0-cp312-cp312-manylinux_2_24_s390x.manylinux_2_28_s390x.whl", hash = "sha256:6ab8ba9152203feec73758dad83af9a0bbe05001eb4639e547207c40cfb52083", size = 1346024, upload-time = "2026-03-09T13:13:32.818Z" },
    { url = "https://files.pythonhosted.org/packages/e4/db/30ed226fb271ae1a6431fc0fe0edffb2efe23cadb01e798caeb9f2ceae8f/kiwisolver-1.5.0-cp312-cp312-manylinux_2_39_riscv64.whl", hash = "sha256:cdee07c4d7f6d72008d3f73b9bf027f4e11550224c7c50d8df1ae4a37c1402a6", size = 987241, upload-time = "2026-03-09T13:13:34.435Z" },
    { url = "https://files.pythonhosted.org/packages/ec/bd/c314595208e4c9587652d50959ead9e461995389664e490f4dce7ff0f782/kiwisolver-1.5.0-cp312-cp312-musllinux_1_2_aarch64.whl", hash = "sha256:7c60d3c9b06fb23bd9c6139281ccbdc384297579ae037f08ae90c69f6845c0b1", size = 2227742, upload-time = "2026-03-09T13:13:36.4Z" },
    { url = "https://files.pythonhosted.org/packages/c1/43/0499cec932d935229b5543d073c2b87c9c22846aab48881e9d8d6e742a2d/kiwisolver-1.5.0-cp312-cp312-musllinux_1_2_ppc64le.whl", hash = "sha256:e315e5ec90d88e140f57696ff85b484ff68bb311e36f2c414aa4286293e6dee0", size = 2323966, upload-time = "2026-03-09T13:13:38.204Z" },
    { url = "https://files.pythonhosted.org/packages/3d/6f/79b0d760907965acfd9d61826a3d41f8f093c538f55cd2633d3f0db269f6/kiwisolver-1.5.0-cp312-cp312-musllinux_1_2_riscv64.whl", hash = "sha256:1465387ac63576c3e125e5337a6892b9e99e0627d52317f3ca79e6930d889d15", size = 1977417, upload-time = "2026-03-09T13:13:39.966Z" },
    { url = "https://files.pythonhosted.org/packages/ab/31/01d0537c41cb75a551a438c3c7a80d0c60d60b81f694dac83dd436aec0d0/kiwisolver-1.5.0-cp312-cp312-musllinux_1_2_s390x.whl", hash = "sha256:530a3fd64c87cffa844d4b6b9768774763d9caa299e9b75d8eca6a4423b31314", size = 2491238, upload-time = "2026-03-09T13:13:41.698Z" },
    { url = "https://files.pythonhosted.org/packages/e4/34/8aefdd0be9cfd00a44509251ba864f5caf2991e36772e61c408007e7f417/kiwisolver-1.5.0-cp312-cp312-musllinux_1_2_x86_64.whl", hash = "sha256:1d9daea4ea6b9be74fe2f01f7fbade8d6ffab263e781274cffca0dba9be9eec9", size = 2294947, upload-time = "2026-03-09T13:13:43.343Z" },
    { url = "https://files.pythonhosted.org/packages/ad/cf/0348374369ca588f8fe9c338fae49fa4e16eeb10ffb3d012f23a54578a9e/kiwisolver-1.5.0-cp312-cp312-win_amd64.whl", hash = "sha256:f18c2d9782259a6dc132fdc7a63c168cbc74b35284b6d75c673958982a378384", size = 73569, upload-time = "2026-03-09T13:13:45.792Z" },
    { url = "https://files.pythonhosted.org/packages/28/26/192b26196e2316e2bd29deef67e37cdf9870d9af8e085e521afff0fed526/kiwisolver-1.5.0-cp312-cp312-win_arm64.whl", hash = "sha256:f7c7553b13f69c1b29a5bde08ddc6d9d0c8bfb84f9ed01c30db25944aeb852a7", size = 64997, upload-time = "2026-03-09T13:13:46.878Z" },
    { url = "https://files.pythonhosted.org/packages/1c/fa/2910df836372d8761bb6eff7d8bdcb1613b5c2e03f260efe7abe34d388a7/kiwisolver-1.5.0-graalpy312-graalpy250_312_native-macosx_10_13_x86_64.whl", hash = "sha256:5ae8e62c147495b01a0f4765c878e9bfdf843412446a247e28df59936e99e797", size = 130262, upload-time = "2026-03-09T13:15:35.629Z" },
    { url = "https://files.pythonhosted.org/packages/0f/41/c5f71f9f00aabcc71fee8b7475e3f64747282580c2fe748961ba29b18385/kiwisolver-1.5.0-graalpy312-graalpy250_312_native-macosx_11_0_arm64.whl", hash = "sha256:f6764a4ccab3078db14a632420930f6186058750df066b8ea2a7106df91d3203", size = 138036, upload-time = "2026-03-09T13:15:36.894Z" },
    { url = "https://files.pythonhosted.org/packages/fa/06/7399a607f434119c6e1fdc8ec89a8d51ccccadf3341dee4ead6bd14caaf5/kiwisolver-1.5.0-graalpy312-graalpy250_312_native-manylinux_2_24_x86_64.manylinux_2_28_x86_64.whl", hash = "sha256:c31c13da98624f957b0fb1b5bae5383b2333c2c3f6793d9825dd5ce79b525cb7", size = 194295, upload-time = "2026-03-09T13:15:38.22Z" },
    { url = "https://files.pythonhosted.org/packages/b5/91/53255615acd2a1eaca307ede3c90eb550bae9c94581f8c00081b6b1c8f44/kiwisolver-1.5.0-graalpy312-graalpy250_312_native-win_amd64.whl", hash = "sha256:1f1489f769582498610e015a8ef2d36f28f505ab3096d0e16b4858a9ec214f57", size = 75987, upload-time = "2026-03-09T13:15:39.65Z" },
]

[[package]]
name = "llvmlite"
version = "0.47.0"
source = { registry = "https://pypi.org/simple" }
sdist = { url = "https://files.pythonhosted.org/packages/01/88/a8952b6d5c21e74cbf158515b779666f692846502623e9e3c39d8e8ba25f/llvmlite-0.47.0.tar.gz", hash = "sha256:62031ce968ec74e95092184d4b0e857e444f8fdff0b8f9213707699570c33ccc", size = 193614, upload-time = "2026-03-31T18:29:53.497Z" }
wheels = [
    { url = "https://files.pythonhosted.org/packages/fa/48/4b7fe0e34c169fa2f12532916133e0b219d2823b540733651b34fdac509a/llvmlite-0.47.0-cp312-cp312-macosx_11_0_arm64.whl", hash = "sha256:306a265f408c259067257a732c8e159284334018b4083a9e35f67d19792b164f", size = 37232769, upload-time = "2026-03-31T18:28:43.735Z" },
    { url = "https://files.pythonhosted.org/packages/e6/4b/e3f2cd17822cf772a4a51a0a8080b0032e6d37b2dbe8cfb724eac4e31c52/llvmlite-0.47.0-cp312-cp312-manylinux2014_x86_64.manylinux_2_17_x86_64.whl", hash = "sha256:5853bf26160857c0c2573415ff4efe01c4c651e59e2c55c2a088740acfee51cd", size = 56275178, upload-time = "2026-03-31T18:28:48.342Z" },
    { url = "https://files.pythonhosted.org/packages/b6/55/a3b4a543185305a9bdf3d9759d53646ed96e55e7dfd43f53e7a421b8fbae/llvmlite-0.47.0-cp312-cp312-manylinux_2_27_aarch64.manylinux_2_28_aarch64.whl", hash = "sha256:003bcf7fa579e14db59c1a1e113f93ab8a06b56a4be31c7f08264d1d4072d077", size = 55128632, upload-time = "2026-03-31T18:28:52.901Z" },
    { url = "https://files.pythonhosted.org/packages/2f/f5/d281ae0f79378a5a91f308ea9fdb9f9cc068fddd09629edc0725a5a8fde1/llvmlite-0.47.0-cp312-cp312-win_amd64.whl", hash = "sha256:f3079f25bdc24cd9d27c4b2b5e68f5f60c4fdb7e8ad5ee2b9b006007558f9df7", size = 38138692, upload-time = "2026-03-31T18:28:57.147Z" },
]

[[package]]
name = "matplotlib"
version = "3.10.9"
source = { registry = "https://pypi.org/simple" }
dependencies = [
    { name = "contourpy" },
    { name = "cycler" },
    { name = "fonttools" },
    { name = "kiwisolver" },
    { name = "numpy" },
    { name = "packaging" },
    { name = "pillow" },
    { name = "pyparsing" },
    { name = "python-dateutil" },
]
sdist = { url = "https://files.pythonhosted.org/packages/63/1b/4be5be87d43d327a0cf4de1a56e86f7f84c89312452406cf122efe2839e6/matplotlib-3.10.9.tar.gz", hash = "sha256:fd66508e8c6877d98e586654b608a0456db8d7e8a546eb1e2600efd957302358", size = 34811233, upload-time = "2026-04-24T00:14:13.539Z" }
wheels = [
    { url = "https://files.pythonhosted.org/packages/35/c6/5581e26c72233ebb2a2a6fed2d24fb7c66b4700120b813f51b0555acf0b6/matplotlib-3.10.9-cp312-cp312-macosx_10_13_x86_64.whl", hash = "sha256:f0c3c28d9fbcc1fe7a03be236d73430cf6409c41fb2383a7ac52fe932b072cb1", size = 8319908, upload-time = "2026-04-24T00:12:21.323Z" },
    { url = "https://files.pythonhosted.org/packages/b7/18/4880dd762e40cd360c1bf06e890c5a97b997e91cb324602b1a19950ad5ce/matplotlib-3.10.9-cp312-cp312-macosx_11_0_arm64.whl", hash = "sha256:41cb28c2bd769aa3e98322c6ab09854cbcc52ab69d2759d681bba3e327b2b320", size = 8216016, upload-time = "2026-04-24T00:12:23.4Z" },
    { url = "https://files.pythonhosted.org/packages/32/91/d024616abdba99e83120e07a20658976f6a343646710760c4a51df126029/matplotlib-3.10.9-cp312-cp312-manylinux2014_x86_64.manylinux_2_17_x86_64.whl", hash = "sha256:ae20801130378b82d647ff5047c07316295b68dc054ca6b3c13519d0ea624285", size = 8789336, upload-time = "2026-04-24T00:12:26.096Z" },
    { url = "https://files.pythonhosted.org/packages/5c/04/030a2f61ef2158f5e4c259487a92ac877732499fb33d871585d89e03c42d/matplotlib-3.10.9-cp312-cp312-manylinux_2_27_aarch64.manylinux_2_28_aarch64.whl", hash = "sha256:6c63ebcd8b4b169eb2f5c200552ae6b8be8999a005b6b507ed76fb8d7d674fe2", size = 9604602, upload-time = "2026-04-24T00:12:29.052Z" },
    { url = "https://files.pythonhosted.org/packages/fc/c2/541e4d09d87bb6b5830fc28b4c887a9a8cf4e1c6cee698a8c05552ae2003/matplotlib-3.10.9-cp312-cp312-musllinux_1_2_x86_64.whl", hash = "sha256:d75d11c949914165976c621b2324f9ef162af7ebf4b057ddf95dd1dba7e5edcf", size = 9670966, upload-time = "2026-04-24T00:12:32.131Z" },
    { url = "https://files.pythonhosted.org/packages/04/a1/4571fc46e7702de8d0c2dc54ad1b2f8e29328dea3ee90831181f7353d93c/matplotlib-3.10.9-cp312-cp312-win_amd64.whl", hash = "sha256:d091f9d758b34aaaaa6331d13574bf01891d903b3dec59bfff458ef7551de5d6", size = 8217462, upload-time = "2026-04-24T00:12:35.226Z" },
    { url = "https://files.pythonhosted.org/packages/4b/d0/2269edb12aa30c13c8bcc9382892e39943ce1d28aab4ec296e0381798e81/matplotlib-3.10.9-cp312-cp312-win_arm64.whl", hash = "sha256:10cc5ce06d10231c36f40e875f3c7e8050362a4ee8f0ee5d29a6b3277d57bb42", size = 8136688, upload-time = "2026-04-24T00:12:37.442Z" },
]

[[package]]
name = "numba"
version = "0.65.1"
source = { registry = "https://pypi.org/simple" }
dependencies = [
    { name = "llvmlite" },
    { name = "numpy" },
]
sdist = { url = "https://files.pythonhosted.org/packages/f6/c5/db2ac3685833d626c0dcae6bd2330cd68433e1fd248d15f70998160d3ad7/numba-0.65.1.tar.gz", hash = "sha256:19357146c32fe9ed25059ab915e8465fb13951cf6b0aace3826b76886373ab23", size = 2765600, upload-time = "2026-04-24T02:02:56.551Z" }
wheels = [
    { url = "https://files.pythonhosted.org/packages/57/bc/76f8f8c5cf9adee47fdb7bbb03be8900f76f902d451d7477cf12b845e1de/numba-0.65.1-cp312-cp312-macosx_12_0_arm64.whl", hash = "sha256:ac3f1e77c352dd0ea9712732c2d8f9ca507717435eec5b5013bf138ac33c4a08", size = 2681371, upload-time = "2026-04-24T02:02:26.105Z" },
    { url = "https://files.pythonhosted.org/packages/69/47/a415af0283e4db0398104c6d1c11c9861a98dc67a7aa442a7769ed5d6196/numba-0.65.1-cp312-cp312-manylinux2014_x86_64.manylinux_2_17_x86_64.whl", hash = "sha256:52bc6f3ceb8fcaff9b2ae26b4c6b1e9fee39db8d355534c0fe4f39a901246b84", size = 3802467, upload-time = "2026-04-24T02:02:27.712Z" },
    { url = "https://files.pythonhosted.org/packages/46/36/246f73ec99cfeab2f2cb2ce7d4218766cc36a2da418901223f4f4da9c813/numba-0.65.1-cp312-cp312-manylinux_2_27_aarch64.manylinux_2_28_aarch64.whl", hash = "sha256:90ca10b3463bae0bd70589726fe3c77d01d6b5fc86bee54bcdf9fb6b47c28977", size = 3502628, upload-time = "2026-04-24T02:02:29.763Z" },
    { url = "https://files.pythonhosted.org/packages/db/9e/3c679b2ee078425b9e99a91e44f8d132a6830d8ccce5227bc5e9181aeed8/numba-0.65.1-cp312-cp312-win_amd64.whl", hash = "sha256:5971c632be2a2351500431f46213821dba8d02b18a9f7d02fd36bd2743e41a6a", size = 2750611, upload-time = "2026-04-24T02:02:31.477Z" },
]

[[package]]
name = "numpy"
version = "1.26.4"
source = { registry = "https://pypi.org/simple" }
sdist = { url = "https://files.pythonhosted.org/packages/65/6e/09db70a523a96d25e115e71cc56a6f9031e7b8cd166c1ac8438307c14058/numpy-1.26.4.tar.gz", hash = "sha256:2a02aba9ed12e4ac4eb3ea9421c420301a0c6460d9830d74a9df87efa4912010", size = 15786129, upload-time = "2024-02-06T00:26:44.495Z" }
wheels = [
    { url = "https://files.pythonhosted.org/packages/95/12/8f2020a8e8b8383ac0177dc9570aad031a3beb12e38847f7129bacd96228/numpy-1.26.4-cp312-cp312-macosx_10_9_x86_64.whl", hash = "sha256:b3ce300f3644fb06443ee2222c2201dd3a89ea6040541412b8fa189341847218", size = 20335901, upload-time = "2024-02-05T23:55:32.801Z" },
    { url = "https://files.pythonhosted.org/packages/75/5b/ca6c8bd14007e5ca171c7c03102d17b4f4e0ceb53957e8c44343a9546dcc/numpy-1.26.4-cp312-cp312-macosx_11_0_arm64.whl", hash = "sha256:03a8c78d01d9781b28a6989f6fa1bb2c4f2d51201cf99d3dd875df6fbd96b23b", size = 13685868, upload-time = "2024-02-05T23:55:56.28Z" },
    { url = "https://files.pythonhosted.org/packages/79/f8/97f10e6755e2a7d027ca783f63044d5b1bc1ae7acb12afe6a9b4286eac17/numpy-1.26.4-cp312-cp312-manylinux_2_17_aarch64.manylinux2014_aarch64.whl", hash = "sha256:9fad7dcb1aac3c7f0584a5a8133e3a43eeb2fe127f47e3632d43d677c66c102b", size = 13925109, upload-time = "2024-02-05T23:56:20.368Z" },
    { url = "https://files.pythonhosted.org/packages/0f/50/de23fde84e45f5c4fda2488c759b69990fd4512387a8632860f3ac9cd225/numpy-1.26.4-cp312-cp312-manylinux_2_17_x86_64.manylinux2014_x86_64.whl", hash = "sha256:675d61ffbfa78604709862923189bad94014bef562cc35cf61d3a07bba02a7ed", size = 17950613, upload-time = "2024-02-05T23:56:56.054Z" },
    { url = "https://files.pythonhosted.org/packages/4c/0c/9c603826b6465e82591e05ca230dfc13376da512b25ccd0894709b054ed0/numpy-1.26.4-cp312-cp312-musllinux_1_1_aarch64.whl", hash = "sha256:ab47dbe5cc8210f55aa58e4805fe224dac469cde56b9f731a4c098b91917159a", size = 13572172, upload-time = "2024-02-05T23:57:21.56Z" },
    { url = "https://files.pythonhosted.org/packages/76/8c/2ba3902e1a0fc1c74962ea9bb33a534bb05984ad7ff9515bf8d07527cadd/numpy-1.26.4-cp312-cp312-musllinux_1_1_x86_64.whl", hash = "sha256:1dda2e7b4ec9dd512f84935c5f126c8bd8b9f2fc001e9f54af255e8c5f16b0e0", size = 17786643, upload-time = "2024-02-05T23:57:56.585Z" },
    { url = "https://files.pythonhosted.org/packages/28/4a/46d9e65106879492374999e76eb85f87b15328e06bd1550668f79f7b18c6/numpy-1.26.4-cp312-cp312-win32.whl", hash = "sha256:50193e430acfc1346175fcbdaa28ffec49947a06918b7b92130744e81e640110", size = 5677803, upload-time = "2024-02-05T23:58:08.963Z" },
    { url = "https://files.pythonhosted.org/packages/16/2e/86f24451c2d530c88daf997cb8d6ac622c1d40d19f5a031ed68a4b73a374/numpy-1.26.4-cp312-cp312-win_amd64.whl", hash = "sha256:08beddf13648eb95f8d867350f6a018a4be2e5ad54c8d8caed89ebca558b2818", size = 15517754, upload-time = "2024-02-05T23:58:36.364Z" },
]

[[package]]
name = "packaging"
version = "26.2"
source = { registry = "https://pypi.org/simple" }
sdist = { url = "https://files.pythonhosted.org/packages/d7/f1/e7a6dd94a8d4a5626c03e4e99c87f241ba9e350cd9e6d75123f992427270/packaging-26.2.tar.gz", hash = "sha256:ff452ff5a3e828ce110190feff1178bb1f2ea2281fa2075aadb987c2fb221661", size = 228134, upload-time = "2026-04-24T20:15:23.917Z" }
wheels = [
    { url = "https://files.pythonhosted.org/packages/df/b2/87e62e8c3e2f4b32e5fe99e0b86d576da1312593b39f47d8ceef365e95ed/packaging-26.2-py3-none-any.whl", hash = "sha256:5fc45236b9446107ff2415ce77c807cee2862cb6fac22b8a73826d0693b0980e", size = 100195, upload-time = "2026-04-24T20:15:22.081Z" },
]

[[package]]
name = "pillow"
version = "12.2.0"
source = { registry = "https://pypi.org/simple" }
sdist = { url = "https://files.pythonhosted.org/packages/8c/21/c2bcdd5906101a30244eaffc1b6e6ce71a31bd0742a01eb89e660ebfac2d/pillow-12.2.0.tar.gz", hash = "sha256:a830b1a40919539d07806aa58e1b114df53ddd43213d9c8b75847eee6c0182b5", size = 46987819, upload-time = "2026-04-01T14:46:17.687Z" }
wheels = [
    { url = "https://files.pythonhosted.org/packages/58/be/7482c8a5ebebbc6470b3eb791812fff7d5e0216c2be3827b30b8bb6603ed/pillow-12.2.0-cp312-cp312-macosx_10_13_x86_64.whl", hash = "sha256:2d192a155bbcec180f8564f693e6fd9bccff5a7af9b32e2e4bf8c9c69dbad6b5", size = 5308279, upload-time = "2026-04-01T14:43:13.246Z" },
    { url = "https://files.pythonhosted.org/packages/d8/95/0a351b9289c2b5cbde0bacd4a83ebc44023e835490a727b2a3bd60ddc0f4/pillow-12.2.0-cp312-cp312-macosx_11_0_arm64.whl", hash = "sha256:f3f40b3c5a968281fd507d519e444c35f0ff171237f4fdde090dd60699458421", size = 4695490, upload-time = "2026-04-01T14:43:15.584Z" },
    { url = "https://files.pythonhosted.org/packages/de/af/4e8e6869cbed569d43c416fad3dc4ecb944cb5d9492defaed89ddd6fe871/pillow-12.2.0-cp312-cp312-manylinux2014_aarch64.manylinux_2_17_aarch64.whl", hash = "sha256:03e7e372d5240cc23e9f07deca4d775c0817bffc641b01e9c3af208dbd300987", size = 6284462, upload-time = "2026-04-01T14:43:18.268Z" },
    { url = "https://files.pythonhosted.org/packages/e9/9e/c05e19657fd57841e476be1ab46c4d501bffbadbafdc31a6d665f8b737b6/pillow-12.2.0-cp312-cp312-manylinux2014_x86_64.manylinux_2_17_x86_64.whl", hash = "sha256:b86024e52a1b269467a802258c25521e6d742349d760728092e1bc2d135b4d76", size = 8094744, upload-time = "2026-04-01T14:43:20.716Z" },
    { url = "https://files.pythonhosted.org/packages/2b/54/1789c455ed10176066b6e7e6da1b01e50e36f94ba584dc68d9eebfe9156d/pillow-12.2.0-cp312-cp312-manylinux_2_27_aarch64.manylinux_2_28_aarch64.whl", hash = "sha256:7371b48c4fa448d20d2714c9a1f775a81155050d383333e0a6c15b1123dda005", size = 6398371, upload-time = "2026-04-01T14:43:23.443Z" },
    { url = "https://files.pythonhosted.org/packages/43/e3/fdc657359e919462369869f1c9f0e973f353f9a9ee295a39b1fea8ee1a77/pillow-12.2.0-cp312-cp312-manylinux_2_27_x86_64.manylinux_2_28_x86_64.whl", hash = "sha256:62f5409336adb0663b7caa0da5c7d9e7bdbaae9ce761d34669420c2a801b2780", size = 7087215, upload-time = "2026-04-01T14:43:26.758Z" },
    { url = "https://files.pythonhosted.org/packages/8b/f8/2f6825e441d5b1959d2ca5adec984210f1ec086435b0ed5f52c19b3b8a6e/pillow-12.2.0-cp312-cp312-musllinux_1_2_aarch64.whl", hash = "sha256:01afa7cf67f74f09523699b4e88c73fb55c13346d212a59a2db1f86b0a63e8c5", size = 6509783, upload-time = "2026-04-01T14:43:29.56Z" },
    { url = "https://files.pythonhosted.org/packages/67/f9/029a27095ad20f854f9dba026b3ea6428548316e057e6fc3545409e86651/pillow-12.2.0-cp312-cp312-musllinux_1_2_x86_64.whl", hash = "sha256:fc3d34d4a8fbec3e88a79b92e5465e0f9b842b628675850d860b8bd300b159f5", size = 7212112, upload-time = "2026-04-01T14:43:32.091Z" },
    { url = "https://files.pythonhosted.org/packages/be/42/025cfe05d1be22dbfdb4f264fe9de1ccda83f66e4fc3aac94748e784af04/pillow-12.2.0-cp312-cp312-win32.whl", hash = "sha256:58f62cc0f00fd29e64b29f4fd923ffdb3859c9f9e6105bfc37ba1d08994e8940", size = 6378489, upload-time = "2026-04-01T14:43:34.601Z" },
    { url = "https://files.pythonhosted.org/packages/5d/7b/25a221d2c761c6a8ae21bfa3874988ff2583e19cf8a27bf2fee358df7942/pillow-12.2.0-cp312-cp312-win_amd64.whl", hash = "sha256:7f84204dee22a783350679a0333981df803dac21a0190d706a50475e361c93f5", size = 7084129, upload-time = "2026-04-01T14:43:37.213Z" },
    { url = "https://files.pythonhosted.org/packages/10/e1/542a474affab20fd4a0f1836cb234e8493519da6b76899e30bcc5d990b8b/pillow-12.2.0-cp312-cp312-win_arm64.whl", hash = "sha256:af73337013e0b3b46f175e79492d96845b16126ddf79c438d7ea7ff27783a414", size = 2463612, upload-time = "2026-04-01T14:43:39.421Z" },
]

[[package]]
name = "pyparsing"
version = "3.3.2"
source = { registry = "https://pypi.org/simple" }
sdist = { url = "https://files.pythonhosted.org/packages/f3/91/9c6ee907786a473bf81c5f53cf703ba0957b23ab84c264080fb5a450416f/pyparsing-3.3.2.tar.gz", hash = "sha256:c777f4d763f140633dcb6d8a3eda953bf7a214dc4eff598413c070bcdc117cbc", size = 6851574, upload-time = "2026-01-21T03:57:59.36Z" }
wheels = [
    { url = "https://files.pythonhosted.org/packages/10/bd/c038d7cc38edc1aa5bf91ab8068b63d4308c66c4c8bb3cbba7dfbc049f9c/pyparsing-3.3.2-py3-none-any.whl", hash = "sha256:850ba148bd908d7e2411587e247a1e4f0327839c40e2e5e6d05a007ecc69911d", size = 122781, upload-time = "2026-01-21T03:57:55.912Z" },
]

[[package]]
name = "python-dateutil"
version = "2.9.0.post0"
source = { registry = "https://pypi.org/simple" }
dependencies = [
    { name = "six" },
]
sdist = { url = "https://files.pythonhosted.org/packages/66/c0/0c8b6ad9f17a802ee498c46e004a0eb49bc148f2fd230864601a86dcf6db/python-dateutil-2.9.0.post0.tar.gz", hash = "sha256:37dd54208da7e1cd875388217d5e00ebd4179249f90fb72437e91a35459a0ad3", size = 342432, upload-time = "2024-03-01T18:36:20.211Z" }
wheels = [
    { url = "https://files.pythonhosted.org/packages/ec/57/56b9bcc3c9c6a792fcbaf139543cee77261f3651ca9da0c93f5c1221264b/python_dateutil-2.9.0.post0-py2.py3-none-any.whl", hash = "sha256:a8b2bc7bffae282281c8140a97d3aa9c14da0b136dfe83f850eea9a5f7470427", size = 229892, upload-time = "2024-03-01T18:36:18.57Z" },
]

[[package]]
name = "six"
version = "1.17.0"
source = { registry = "https://pypi.org/simple" }
sdist = { url = "https://files.pythonhosted.org/packages/94/e7/b2c673351809dca68a0e064b6af791aa332cf192da575fd474ed7d6f16a2/six-1.17.0.tar.gz", hash = "sha256:ff70335d468e7eb6ec65b95b99d3a2836546063f63acc5171de367e834932a81", size = 34031, upload-time = "2024-12-04T17:35:28.174Z" }
wheels = [
    { url = "https://files.pythonhosted.org/packages/b7/ce/149a00dd41f10bc29e5921b496af8b574d8413afcd5e30dfa0ed46c2cc5e/six-1.17.0-py2.py3-none-any.whl", hash = "sha256:4721f391ed90541fddacab5acf947aa0d3dc7d27b2e1e8eda2be8970586c3274", size = 11050, upload-time = "2024-12-04T17:35:26.475Z" },
]

[[package]]
name = "uproot"
version = "5.7.4"
source = { registry = "https://pypi.org/simple" }
dependencies = [
    { name = "awkward" },
    { name = "cramjam" },
    { name = "fsspec" },
    { name = "numpy" },
    { name = "packaging" },
    { name = "xxhash" },
]
sdist = { url = "https://files.pythonhosted.org/packages/ee/f7/b94c612a3db8c4c1d9b7bc4266c6cdfe01fdbc0390f55c1a4e5e5996a51b/uproot-5.7.4.tar.gz", hash = "sha256:ce28909b494f3ce2ae0fc0e5e8d47f5e7db0331d5a1f8162c9919ce37e72b9f3", size = 1014497, upload-time = "2026-04-30T09:11:49.906Z" }
wheels = [
    { url = "https://files.pythonhosted.org/packages/74/03/d426348a5f13514182c1d1afab2285ec25a94bacc8d2f8d2cc627496754a/uproot-5.7.4-py3-none-any.whl", hash = "sha256:497b7db1592f62edf05404884ec235f6cb804a50382a62c8df5f885d138c3695", size = 397455, upload-time = "2026-04-30T09:11:47.994Z" },
]

[[package]]
name = "xxhash"
version = "3.7.0"
source = { registry = "https://pypi.org/simple" }
sdist = { url = "https://files.pythonhosted.org/packages/24/2f/e183a1b407002f5af81822bee18b61cdb94b8670208ef34734d8d2b8ebe9/xxhash-3.7.0.tar.gz", hash = "sha256:6cc4eefbb542a5d6ffd6d70ea9c502957c925e800f998c5630ecc809d6702bae", size = 82022, upload-time = "2026-04-25T11:10:32.553Z" }
wheels = [
    { url = "https://files.pythonhosted.org/packages/f2/8a/51a14cdef4728c6c2337db8a7d8704422cc65676d9199d77215464c880af/xxhash-3.7.0-cp312-cp312-macosx_10_13_x86_64.whl", hash = "sha256:082c87bfdd2b9f457606c7a4a53457f4c4b48b0cdc48de0277f4349d79bb3d7a", size = 33357, upload-time = "2026-04-25T11:06:20.44Z" },
    { url = "https://files.pythonhosted.org/packages/b9/1b/0c2c933809421ffd9bf42b59315552c143c755db5d9a816b2f1ae273e884/xxhash-3.7.0-cp312-cp312-macosx_11_0_arm64.whl", hash = "sha256:5e7ce913b61f35b0c1c839a49ac9c8e75dd8d860150688aed353b0ce1bf409d8", size = 30869, upload-time = "2026-04-25T11:06:21.989Z" },
    { url = "https://files.pythonhosted.org/packages/03/a8/89d5fdd6ee12d70ba99451de46dd0e8010167468dcd913ec855653f4dd50/xxhash-3.7.0-cp312-cp312-manylinux1_i686.manylinux_2_28_i686.manylinux_2_5_i686.whl", hash = "sha256:3beb1de3b1e9694fcdd853e570ee64c631c7062435d2f8c69c1adf809bc086f0", size = 194100, upload-time = "2026-04-25T11:06:23.586Z" },
    { url = "https://files.pythonhosted.org/packages/87/ee/2f9f2ed993e77206d1e66991290a1ebe22e843351ca3ebec8e49e01ba186/xxhash-3.7.0-cp312-cp312-manylinux2014_aarch64.manylinux_2_17_aarch64.manylinux_2_28_aarch64.whl", hash = "sha256:f3e7b689c3bce16699efcf736066f5c6cc4472c3840fe4b22bd8279daf4abdac", size = 212977, upload-time = "2026-04-25T11:06:25.019Z" },
    { url = "https://files.pythonhosted.org/packages/de/60/5a91644615a9e9d4e42c2e9925f1908e3a24e4e691d9de7340d565bea024/xxhash-3.7.0-cp312-cp312-manylinux2014_armv7l.manylinux_2_17_armv7l.manylinux_2_31_armv7l.whl", hash = "sha256:a6545e6b409e3d5cbafc850fb84c55a1ca26ed15a6b11e3bf07a0e0cd84517c8", size = 236373, upload-time = "2026-04-25T11:06:26.482Z" },
    { url = "https://files.pythonhosted.org/packages/22/c0/f3a9384eaaed9d14d4d062a5d953aa0da489bfe9747877aa994caa87cd0b/xxhash-3.7.0-cp312-cp312-manylinux2014_ppc64le.manylinux_2_17_ppc64le.manylinux_2_28_ppc64le.whl", hash = "sha256:31ab1461c77a11461d703c88eb949e132a1c6515933cf675d97ec680f4bd18de", size = 212229, upload-time = "2026-04-25T11:06:28.065Z" },
    { url = "https://files.pythonhosted.org/packages/2e/67/02f07a9fd79726804190f2172c4894c3ed9a4ebccaca05653c84beb58025/xxhash-3.7.0-cp312-cp312-manylinux2014_s390x.manylinux_2_17_s390x.manylinux_2_28_s390x.whl", hash = "sha256:7c4d596b7676f811172687ec567cbafb9e4dea2f9be1bbb4f622410cb7f40f40", size = 445462, upload-time = "2026-04-25T11:06:30.048Z" },
    { url = "https://files.pythonhosted.org/packages/40/37/558f5a90c0672fc9b4402dc25d87ac5b7406616e8969430c9ca4e52ee74d/xxhash-3.7.0-cp312-cp312-manylinux2014_x86_64.manylinux_2_17_x86_64.manylinux_2_28_x86_64.whl", hash = "sha256:13805f0461cba0a857924e70ff91ae6d52d2598f79a884e788db80532614a4a1", size = 193932, upload-time = "2026-04-25T11:06:31.857Z" },
    { url = "https://files.pythonhosted.org/packages/d5/90/aaa09cd58661d32044dbbad7df55bbe22a623032b810e7ed3b8c569a2a6f/xxhash-3.7.0-cp312-cp312-manylinux_2_31_riscv64.manylinux_2_39_riscv64.whl", hash = "sha256:1d398f372496152f1c6933a33566373f8d1b37b98b8c9d608fa6edc0976f23b2", size = 284807, upload-time = "2026-04-25T11:06:33.697Z" },
    { url = "https://files.pythonhosted.org/packages/d6/f3/53df3719ab127a02c174f0c1c74924fcd110866e89c966bc7909cfa8fa84/xxhash-3.7.0-cp312-cp312-musllinux_1_2_aarch64.whl", hash = "sha256:d610aa62cdb7d4d497740741772a24a794903bf3e79eaa51d2e800082abe11e5", size = 210445, upload-time = "2026-04-25T11:06:35.488Z" },
    { url = "https://files.pythonhosted.org/packages/72/33/d219975c0e8b6fa2eb9ccd486fe47e21bf1847985b878dd2fbc3126e0d5c/xxhash-3.7.0-cp312-cp312-musllinux_1_2_armv7l.whl", hash = "sha256:073c23900a9fbf3d26616c17c830db28af9803677cd5b33aea3224d824111514", size = 241273, upload-time = "2026-04-25T11:06:37.24Z" },
    { url = "https://files.pythonhosted.org/packages/3e/50/49b1afe610eb3964cedcb90a4d4c3d46a261ee8669cbd4f060652619ae3c/xxhash-3.7.0-cp312-cp312-musllinux_1_2_i686.whl", hash = "sha256:418a463c3e6a590c0cdc890f8be19adb44a8c8acd175ca5b2a6de77e61d0b386", size = 197950, upload-time = "2026-04-25T11:06:39.148Z" },
    { url = "https://files.pythonhosted.org/packages/c6/75/5f42a1a4c78717d906a4b6a140c6dbf837ab1f547a54d23c4e2903310936/xxhash-3.7.0-cp312-cp312-musllinux_1_2_ppc64le.whl", hash = "sha256:03f8ff4474ee61c845758ce00711d7087a770d77efb36f7e74a6e867301000b8", size = 210709, upload-time = "2026-04-25T11:06:40.958Z" },
    { url = "https://files.pythonhosted.org/packages/8a/85/237e446c25abced71e9c53d269f2cef5bab8a82b3f88a12e00c5368e7368/xxhash-3.7.0-cp312-cp312-musllinux_1_2_riscv64.whl", hash = "sha256:44fba4a5f1d179b7ddc7b3dc40f56f9209046421679b57025d4d8821b376fd8d", size = 275345, upload-time = "2026-04-25T11:06:42.525Z" },
    { url = "https://files.pythonhosted.org/packages/62/34/c2c26c0a6a9cc739bc2a5f0ae03ba8b87deb12b8bce35f7ac495e790dc6d/xxhash-3.7.0-cp312-cp312-musllinux_1_2_s390x.whl", hash = "sha256:31e3516a0f829d06ded4a2c0f3c7c5561993256bfa1c493975fb9dc7bfa828a1", size = 414056, upload-time = "2026-04-25T11:06:44.343Z" },
    { url = "https://files.pythonhosted.org/packages/a0/aa/5c58e9bc8071b8afd8dcf297ff362f723c4892168faba149f19904132bf4/xxhash-3.7.0-cp312-cp312-musllinux_1_2_x86_64.whl", hash = "sha256:b59ee2ac81de57771a09ecad09191e840a1d2fae1ef684208320591055768f83", size = 191485, upload-time = "2026-04-25T11:06:46.262Z" },
    { url = "https://files.pythonhosted.org/packages/d4/69/a929cf9d1e2e65a48b818cdce72cb6b69eab2e6877f21436d0a1942aff43/xxhash-3.7.0-cp312-cp312-win32.whl", hash = "sha256:74bbd92f8c7fcc397ba0a11bfdc106bc72ad7f11e3a60277753f87e7532b4d81", size = 30671, upload-time = "2026-04-25T11:06:48.039Z" },
    { url = "https://files.pythonhosted.org/packages/b9/1b/104b41a8947f4e1d4a66ce1e628eea752f37d1890bfd7453559ca7a3d950/xxhash-3.7.0-cp312-cp312-win_amd64.whl", hash = "sha256:7bd7bc82dd4f185f28f35193c2e968ef46131628e3cac62f639dadf321cba4d1", size = 31514, upload-time = "2026-04-25T11:06:49.279Z" },
    { url = "https://files.pythonhosted.org/packages/98/a0/1fd0ea1f1b886d9e7c73f0397571e22333a7d79e31da6d7127c2a4a71d75/xxhash-3.7.0-cp312-cp312-win_arm64.whl", hash = "sha256:7d7148180ec99ba36585b42c8c5de25e9b40191613bc4be68909b4d25a77a852", size = 27761, upload-time = "2026-04-25T11:06:50.448Z" },
]
